Microsoft Visual Studio Solution File, Format Version 12.00
# Visual Studio 2012
Project("{FAE04EC0-301F-11D3-BF4B-00C04F79EFBC}") = "Tower Defense", "Tower Defense.csproj", "{A55E1147-4769-4671-BA92-06F93C7C8825}"
EndProject
Global
	GlobalSection(SolutionConfigurationPlatforms) = preSolution
	Debug|Any CPU = Debug|Any CPU
	ExportDebug|Any CPU = ExportDebug|Any CPU
	ExportRelease|Any CPU = ExportRelease|Any CPU
	EndGlobalSection
	GlobalSection(ProjectConfigurationPlatforms) = postSolution
		{A55E1147-4769-4671-BA92-06F93C7C8825}.Debug|Any CPU.ActiveCfg = Debug|Any CPU
		{A55E1147-4769-4671-BA92-06F93C7C8825}.Debug|Any CPU.Build.0 = Debug|Any CPU
		{A55E1147-4769-4671-BA92-06F93C7C8825}.ExportDebug|Any CPU.ActiveCfg = ExportDebug|Any CPU
		{A55E1147-4769-4671-BA92-06F93C7C8825}.ExportDebug|Any CPU.Build.0 = ExportDebug|Any CPU
		{A55E1147-4769-4671-BA92-06F93C7C8825}.ExportRelease|Any CPU.ActiveCfg = ExportRelease|Any CPU
		{A55E1147-4769-4671-BA92-06F93C7C8825}.ExportRelease|Any CPU.Build.0 = ExportRelease|Any CPU
	EndGlobalSection
EndGlobal
